Microsoft Visual Studio Solution File, Format Version 12.00
# Visual Studio Version 17
VisualStudioVersion = 17.5.2.0
MinimumVisualStudioVersion = 10.0.40219.1
Project("{2150E333-8FDC-42A3-9474-1A3956D46DE8}") = "implementations", "implementations", "{960B990D-B96C-8BF2-4DC4-C97CD8288A26}"
EndProject
Project("{2150E333-8FDC-42A3-9474-1A3956D46DE8}") = "dotnet", "dotnet", "{67DBBCD6-1C62-F66C-433A-47F119666DA1}"
EndProject
Project("{FAE04EC0-301F-11D3-BF4B-00C04F79EFBC}") = "Tests", "implementations\dotnet\Tests\Tests.csproj", "{983F8BA7-DF79-9E3F-68C2-FA8DEE3D8D61}"
EndProject
Project("{FAE04EC0-301F-11D3-BF4B-00C04F79EFBC}") = "GildedRose", "implementations\dotnet\GildedRose\GildedRose.csproj", "{73883532-CD4C-23C3-3E7F-F40C31B2A820}"
EndProject
Global
	GlobalSection(SolutionConfigurationPlatforms) = preSolution
		Debug|Any CPU = Debug|Any CPU
		Release|Any CPU = Release|Any CPU
	EndGlobalSection
	GlobalSection(ProjectConfigurationPlatforms) = postSolution
		{983F8BA7-DF79-9E3F-68C2-FA8DEE3D8D61}.Debug|Any CPU.ActiveCfg = Debug|Any CPU
		{983F8BA7-DF79-9E3F-68C2-FA8DEE3D8D61}.Debug|Any CPU.Build.0 = Debug|Any CPU
		{983F8BA7-DF79-9E3F-68C2-FA8DEE3D8D61}.Release|Any CPU.ActiveCfg = Release|Any CPU
		{983F8BA7-DF79-9E3F-68C2-FA8DEE3D8D61}.Release|Any CPU.Build.0 = Release|Any CPU
		{73883532-CD4C-23C3-3E7F-F40C31B2A820}.Debug|Any CPU.ActiveCfg = Debug|Any CPU
		{73883532-CD4C-23C3-3E7F-F40C31B2A820}.Debug|Any CPU.Build.0 = Debug|Any CPU
		{73883532-CD4C-23C3-3E7F-F40C31B2A820}.Release|Any CPU.ActiveCfg = Release|Any CPU
		{73883532-CD4C-23C3-3E7F-F40C31B2A820}.Release|Any CPU.Build.0 = Release|Any CPU
	EndGlobalSection
	GlobalSection(SolutionProperties) = preSolution
		HideSolutionNode = FALSE
	EndGlobalSection
	GlobalSection(NestedProjects) = preSolution
		{67DBBCD6-1C62-F66C-433A-47F119666DA1} = {960B990D-B96C-8BF2-4DC4-C97CD8288A26}
		{983F8BA7-DF79-9E3F-68C2-FA8DEE3D8D61} = {67DBBCD6-1C62-F66C-433A-47F119666DA1}
		{73883532-CD4C-23C3-3E7F-F40C31B2A820} = {67DBBCD6-1C62-F66C-433A-47F119666DA1}
	EndGlobalSection
	GlobalSection(ExtensibilityGlobals) = postSolution
		SolutionGuid = {965559DE-68D8-4D88-A9E0-9D4F86CB23C1}
	EndGlobalSection
EndGlobal
